
Microsoft Visual Studio Solution File, Format Version 12.00
# Visual Studio Version 16
VisualStudioVersion = 16.0.30621.155
MinimumVisualStudioVersion = 10.0.40219.1
Project("{8BC9CEB8-8B4A-11D0-8D11-00A0C91BC942}") = "WorksheetGenerator", "WorksheetGenerator.vcxproj", "{64CAB01C-EA6F-4FC0-A4B4-5C32D4872FCA}"
EndProject
Global
	GlobalSection(SolutionConfigurationPlatforms) = preSolution
		Debug|x64 = Debug|x64
		Debug|x86 = Debug|x86
		Release|x64 = Release|x64
		Release|x86 = Release|x86
	EndGlobalSection
	GlobalSection(ProjectConfigurationPlatforms) = postSolution
		{64CAB01C-EA6F-4FC0-A4B4-5C32D4872FCA}.Debug|x64.ActiveCfg = Debug|x64
		{64CAB01C-EA6F-4FC0-A4B4-5C32D4872FCA}.Debug|x64.Build.0 = Debug|x64
		{64CAB01C-EA6F-4FC0-A4B4-5C32D4872FCA}.Debug|x86.ActiveCfg = Debug|Win32
		{64CAB01C-EA6F-4FC0-A4B4-5C32D4872FCA}.Debug|x86.Build.0 = Debug|Win32
		{64CAB01C-EA6F-4FC0-A4B4-5C32D4872FCA}.Release|x64.ActiveCfg = Release|x64
		{64CAB01C-EA6F-4FC0-A4B4-5C32D4872FCA}.Release|x64.Build.0 = Release|x64
		{64CAB01C-EA6F-4FC0-A4B4-5C32D4872FCA}.Release|x86.ActiveCfg = Release|Win32
		{64CAB01C-EA6F-4FC0-A4B4-5C32D4872FCA}.Release|x86.Build.0 = Release|Win32
	EndGlobalSection
	GlobalSection(SolutionProperties) = preSolution
		HideSolutionNode = FALSE
	EndGlobalSection
	GlobalSection(ExtensibilityGlobals) = postSolution
		SolutionGuid = {47B8731E-E2F3-48F0-898A-CDD9D45A7D5C}
	EndGlobalSection
EndGlobal
